{
  "name": "sentrytest",
  "version": "1.0.0",
  "lockfileVersion": 3,
  "requires": true,
  "packages": {
    "": {
      "name": "sentrytest",
      "version": "1.0.0",
      "license": "ISC",
      "dependencies": {
        "sentry-uniapp": "^1.0.11"
      }
    },
    "node_modules/@sentry/core": {
      "version": "6.19.7",
      "resolved": "https://registry.npmjs.org/@sentry/core/-/core-6.19.7.tgz",
      "integrity": "sha512-tOfZ/umqB2AcHPGbIrsFLcvApdTm9ggpi/kQZFkej7kMphjT+SGBiQfYtjyg9jcRW+ilAR4JXC9BGKsdEQ+8Vw==",
      "dependencies": {
        "@sentry/hub": "6.19.7",
        "@sentry/minimal": "6.19.7",
        "@sentry/types": "6.19.7",
        "@sentry/utils": "6.19.7",
        "tslib": "^1.9.3"
      },
      "engines": {
        "node": ">=6"
      }
    },
    "node_modules/@sentry/hub": {
      "version": "6.19.7",
      "resolved": "https://registry.npmjs.org/@sentry/hub/-/hub-6.19.7.tgz",
      "integrity": "sha512-y3OtbYFAqKHCWezF0EGGr5lcyI2KbaXW2Ik7Xp8Mu9TxbSTuwTe4rTntwg8ngPjUQU3SUHzgjqVB8qjiGqFXCA==",
      "dependencies": {
        "@sentry/types": "6.19.7",
        "@sentry/utils": "6.19.7",
        "tslib": "^1.9.3"
      },
      "engines": {
        "node": ">=6"
      }
    },
    "node_modules/@sentry/minimal": {
      "version": "6.19.7",
      "resolved": "https://registry.npmjs.org/@sentry/minimal/-/minimal-6.19.7.tgz",
      "integrity": "sha512-wcYmSJOdvk6VAPx8IcmZgN08XTXRwRtB1aOLZm+MVHjIZIhHoBGZJYTVQS/BWjldsamj2cX3YGbGXNunaCfYJQ==",
      "dependencies": {
        "@sentry/hub": "6.19.7",
        "@sentry/types": "6.19.7",
        "tslib": "^1.9.3"
      },
      "engines": {
        "node": ">=6"
      }
    },
    "node_modules/@sentry/types": {
      "version": "6.19.7",
      "resolved": "https://registry.npmjs.org/@sentry/types/-/types-6.19.7.tgz",
      "integrity": "sha512-jH84pDYE+hHIbVnab3Hr+ZXr1v8QABfhx39KknxqKWr2l0oEItzepV0URvbEhB446lk/S/59230dlUUIBGsXbg==",
      "engines": {
        "node": ">=6"
      }
    },
    "node_modules/@sentry/utils": {
      "version": "6.19.7",
      "resolved": "https://registry.npmjs.org/@sentry/utils/-/utils-6.19.7.tgz",
      "integrity": "sha512-z95ECmE3i9pbWoXQrD/7PgkBAzJYR+iXtPuTkpBjDKs86O3mT+PXOT3BAn79w2wkn7/i3vOGD2xVr1uiMl26dA==",
      "dependencies": {
        "@sentry/types": "6.19.7",
        "tslib": "^1.9.3"
      },
      "engines": {
        "node": ">=6"
      }
    },
    "node_modules/sentry-uniapp": {
      "version": "1.0.11",
      "resolved": "https://registry.npmjs.org/sentry-uniapp/-/sentry-uniapp-1.0.11.tgz",
      "integrity": "sha512-DkbGW+REdwYkLeislpu2KL0bX8Ei8nll3vtc0dRwdadNWlbgMTaKJ1QwoxGDHmm2JyvhafzjfvvRTasCZQ9QKw==",
      "dependencies": {
        "@sentry/core": "6.19.7",
        "@sentry/types": "6.19.7",
        "@sentry/utils": "6.19.7",
        "tslib": "^1.10.0"
      },
      "engines": {
        "node": ">=8"
      }
    },
    "node_modules/tslib": {
      "version": "1.14.1",
      "resolved": "https://registry.npmjs.org/tslib/-/tslib-1.14.1.tgz",
      "integrity": "sha512-Xni35NKzjgMrwevysHTCArtLDpPvye8zV/0E4EyYn43P7/7qvQwPh9BGkHewbMulVntbigmcT7rdX3BNo9wRJg=="
    }
  }
}
